Microsoft Visual Studio Solution File, Format Version 8.00
Project("{8BC9CEB8-8B4A-11D0-8D11-00A0C91BC942}") = "msvc71", "msvc71.vcproj", "{C50AE208-E746-428B-A09B-EA0905E306BE}"
	ProjectSection(ProjectDependencies) = postProject
	EndProjectSection
EndProject
Global
	GlobalSection(SolutionConfiguration) = preSolution
		Debug = Debug
		Release = Release
	EndGlobalSection
	GlobalSection(ProjectConfiguration) = postSolution
		{C50AE208-E746-428B-A09B-EA0905E306BE}.Debug.ActiveCfg = Debug|Win32
		{C50AE208-E746-428B-A09B-EA0905E306BE}.Debug.Build.0 = Debug|Win32
		{C50AE208-E746-428B-A09B-EA0905E306BE}.Release.ActiveCfg = Release|Win32
		{C50AE208-E746-428B-A09B-EA0905E306BE}.Release.Build.0 = Release|Win32
	EndGlobalSection
	GlobalSection(ExtensibilityGlobals) = postSolution
	EndGlobalSection
	GlobalSection(ExtensibilityAddIns) = postSolution
	EndGlobalSection
EndGlobal
